
Microsoft Visual Studio Solution File, Format Version 12.00
# Visual Studio 15
VisualStudioVersion = 15.0.26430.15
MinimumVisualStudioVersion = 10.0.40219.1
Project("{FAE04EC0-301F-11D3-BF4B-00C04F79EFBC}") = "Binding_SmartRefreshLayout", "Binding_SmartRefreshLayout\Binding_SmartRefreshLayout.csproj", "{CB0691E1-C57C-48F3-B563-3A4C4F2CDB77}"
EndProject
Project("{FAE04EC0-301F-11D3-BF4B-00C04F79EFBC}") = "Sample", "Sample\Sample.csproj", "{B8E35521-BCF9-4F20-AA39-82A86AC50CE2}"
EndProject
Project("{FAE04EC0-301F-11D3-BF4B-00C04F79EFBC}") = "Binding_SmartRefreshHeader", "Binding_SmartRefreshHeader\Binding_SmartRefreshHeader.csproj", "{B1176459-1280-4062-A96F-29ECB490B372}"
EndProject
Project("{FAE04EC0-301F-11D3-BF4B-00C04F79EFBC}") = "Binding_SmartRefreshFooter", "Binding_SmartRefreshFooter\Binding_SmartRefreshFooter.csproj", "{C3C6AC38-97C8-4429-BD25-D0A5337BA121}"
EndProject
Project("{2150E333-8FDC-42A3-9474-1A3956D46DE8}") = "AndroidBindings", "AndroidBindings", "{AC131005-70EA-4243-B7F2-EB1B71CFA04A}"
EndProject
Project("{FAE04EC0-301F-11D3-BF4B-00C04F79EFBC}") = "Binding_AndroidGifDrawable", "AndroidBindings\Binding_AndroidGifDrawable\Binding_AndroidGifDrawable.csproj", "{C20C59F7-ECAF-44CE-9CAB-BDFB899E74D8}"
EndProject
Project("{FAE04EC0-301F-11D3-BF4B-00C04F79EFBC}") = "Binding_RecyclerViewAnimators", "AndroidBindings\Binding_RecyclerViewAnimators\Binding_RecyclerViewAnimators.csproj", "{690AED37-C970-4BE7-80A8-2BBC187EFF63}"
EndProject
Project("{FAE04EC0-301F-11D3-BF4B-00C04F79EFBC}") = "Binding_RealtimeblurView", "AndroidBindings\Binding_RealtimeblurView\Binding_RealtimeblurView.csproj", "{FE5BEB88-AC5A-4C90-8992-8E2FBC0C7685}"
EndProject
Project("{FAE04EC0-301F-11D3-BF4B-00C04F79EFBC}") = "Binding_CircleimageView", "AndroidBindings\Binding_CircleimageView\Binding_CircleimageView.csproj", "{F14B5579-EF48-4A2F-9624-96737B66AF9B}"
EndProject
Project("{FAE04EC0-301F-11D3-BF4B-00C04F79EFBC}") = "Binding_FlycoRoundViewLib", "AndroidBindings\Binding_FlycoRoundViewLib\Binding_FlycoRoundViewLib.csproj", "{3EF690C5-30E8-4111-B561-0D43638ADBEE}"
EndProject
Global
	GlobalSection(SolutionConfigurationPlatforms) = preSolution
		Debug|Any CPU = Debug|Any CPU
		Release|Any CPU = Release|Any CPU
	EndGlobalSection
	GlobalSection(ProjectConfigurationPlatforms) = postSolution
		{CB0691E1-C57C-48F3-B563-3A4C4F2CDB77}.Debug|Any CPU.ActiveCfg = Debug|Any CPU
		{CB0691E1-C57C-48F3-B563-3A4C4F2CDB77}.Debug|Any CPU.Build.0 = Debug|Any CPU
		{CB0691E1-C57C-48F3-B563-3A4C4F2CDB77}.Release|Any CPU.ActiveCfg = Release|Any CPU
		{CB0691E1-C57C-48F3-B563-3A4C4F2CDB77}.Release|Any CPU.Build.0 = Release|Any CPU
		{B8E35521-BCF9-4F20-AA39-82A86AC50CE2}.Debug|Any CPU.ActiveCfg = Debug|Any CPU
		{B8E35521-BCF9-4F20-AA39-82A86AC50CE2}.Debug|Any CPU.Build.0 = Debug|Any CPU
		{B8E35521-BCF9-4F20-AA39-82A86AC50CE2}.Debug|Any CPU.Deploy.0 = Debug|Any CPU
		{B8E35521-BCF9-4F20-AA39-82A86AC50CE2}.Release|Any CPU.ActiveCfg = Release|Any CPU
		{B8E35521-BCF9-4F20-AA39-82A86AC50CE2}.Release|Any CPU.Build.0 = Release|Any CPU
		{B8E35521-BCF9-4F20-AA39-82A86AC50CE2}.Release|Any CPU.Deploy.0 = Release|Any CPU
		{B1176459-1280-4062-A96F-29ECB490B372}.Debug|Any CPU.ActiveCfg = Debug|Any CPU
		{B1176459-1280-4062-A96F-29ECB490B372}.Debug|Any CPU.Build.0 = Debug|Any CPU
		{B1176459-1280-4062-A96F-29ECB490B372}.Release|Any CPU.ActiveCfg = Release|Any CPU
		{B1176459-1280-4062-A96F-29ECB490B372}.Release|Any CPU.Build.0 = Release|Any CPU
		{C3C6AC38-97C8-4429-BD25-D0A5337BA121}.Debug|Any CPU.ActiveCfg = Debug|Any CPU
		{C3C6AC38-97C8-4429-BD25-D0A5337BA121}.Debug|Any CPU.Build.0 = Debug|Any CPU
		{C3C6AC38-97C8-4429-BD25-D0A5337BA121}.Release|Any CPU.ActiveCfg = Release|Any CPU
		{C3C6AC38-97C8-4429-BD25-D0A5337BA121}.Release|Any CPU.Build.0 = Release|Any CPU
		{C20C59F7-ECAF-44CE-9CAB-BDFB899E74D8}.Debug|Any CPU.ActiveCfg = Debug|Any CPU
		{C20C59F7-ECAF-44CE-9CAB-BDFB899E74D8}.Debug|Any CPU.Build.0 = Debug|Any CPU
		{C20C59F7-ECAF-44CE-9CAB-BDFB899E74D8}.Release|Any CPU.ActiveCfg = Release|Any CPU
		{C20C59F7-ECAF-44CE-9CAB-BDFB899E74D8}.Release|Any CPU.Build.0 = Release|Any CPU
		{690AED37-C970-4BE7-80A8-2BBC187EFF63}.Debug|Any CPU.ActiveCfg = Debug|Any CPU
		{690AED37-C970-4BE7-80A8-2BBC187EFF63}.Debug|Any CPU.Build.0 = Debug|Any CPU
		{690AED37-C970-4BE7-80A8-2BBC187EFF63}.Release|Any CPU.ActiveCfg = Release|Any CPU
		{690AED37-C970-4BE7-80A8-2BBC187EFF63}.Release|Any CPU.Build.0 = Release|Any CPU
		{FE5BEB88-AC5A-4C90-8992-8E2FBC0C7685}.Debug|Any CPU.ActiveCfg = Debug|Any CPU
		{FE5BEB88-AC5A-4C90-8992-8E2FBC0C7685}.Debug|Any CPU.Build.0 = Debug|Any CPU
		{FE5BEB88-AC5A-4C90-8992-8E2FBC0C7685}.Release|Any CPU.ActiveCfg = Release|Any CPU
		{FE5BEB88-AC5A-4C90-8992-8E2FBC0C7685}.Release|Any CPU.Build.0 = Release|Any CPU
		{F14B5579-EF48-4A2F-9624-96737B66AF9B}.Debug|Any CPU.ActiveCfg = Debug|Any CPU
		{F14B5579-EF48-4A2F-9624-96737B66AF9B}.Debug|Any CPU.Build.0 = Debug|Any CPU
		{F14B5579-EF48-4A2F-9624-96737B66AF9B}.Release|Any CPU.ActiveCfg = Release|Any CPU
		{F14B5579-EF48-4A2F-9624-96737B66AF9B}.Release|Any CPU.Build.0 = Release|Any CPU
		{3EF690C5-30E8-4111-B561-0D43638ADBEE}.Debug|Any CPU.ActiveCfg = Debug|Any CPU
		{3EF690C5-30E8-4111-B561-0D43638ADBEE}.Debug|Any CPU.Build.0 = Debug|Any CPU
		{3EF690C5-30E8-4111-B561-0D43638ADBEE}.Release|Any CPU.ActiveCfg = Release|Any CPU
		{3EF690C5-30E8-4111-B561-0D43638ADBEE}.Release|Any CPU.Build.0 = Release|Any CPU
	EndGlobalSection
	GlobalSection(SolutionProperties) = preSolution
		HideSolutionNode = FALSE
	EndGlobalSection
	GlobalSection(NestedProjects) = preSolution
		{C20C59F7-ECAF-44CE-9CAB-BDFB899E74D8} = {AC131005-70EA-4243-B7F2-EB1B71CFA04A}
		{690AED37-C970-4BE7-80A8-2BBC187EFF63} = {AC131005-70EA-4243-B7F2-EB1B71CFA04A}
		{FE5BEB88-AC5A-4C90-8992-8E2FBC0C7685} = {AC131005-70EA-4243-B7F2-EB1B71CFA04A}
		{F14B5579-EF48-4A2F-9624-96737B66AF9B} = {AC131005-70EA-4243-B7F2-EB1B71CFA04A}
		{3EF690C5-30E8-4111-B561-0D43638ADBEE} = {AC131005-70EA-4243-B7F2-EB1B71CFA04A}
	EndGlobalSection
EndGlobal
